// !$*UTF8*$!
{
	archiveVersion = 1;
	classes = {
	};
	objectVersion = 56;
	objects = {

/* Begin PBXBuildFile section */
		49260BBD2B6DAFA400CA644F /* LoginView.swift in Sources */ = {isa = PBXBuildFile; fileRef = 49260BBC2B6DAFA400CA644F /* LoginView.swift */; };
		49260BC32B6DC2FD00CA644F /* ButtonSubmit.swift in Sources */ = {isa = PBXBuildFile; fileRef = 49260BC22B6DC2FD00CA644F /* ButtonSubmit.swift */; };
		49260BC52B6DD4C300CA644F /* RequestLocationView.swift in Sources */ = {isa = PBXBuildFile; fileRef = 49260BC42B6DD4C300CA644F /* RequestLocationView.swift */; };
		49260BC82B6DD5B100CA644F /* LocationSetup.swift in Sources */ = {isa = PBXBuildFile; fileRef = 49260BC72B6DD5B100CA644F /* LocationSetup.swift */; };
		49260BCA2B6DDA5C00CA644F /* InvalidLocationView.swift in Sources */ = {isa = PBXBuildFile; fileRef = 49260BC92B6DDA5C00CA644F /* InvalidLocationView.swift */; };
		49260BCC2B6DDFD700CA644F /* CreateAccountView.swift in Sources */ = {isa = PBXBuildFile; fileRef = 49260BCB2B6DDFD700CA644F /* CreateAccountView.swift */; };
		49260BCE2B6DDFFE00CA644F /* TextTitle.swift in Sources */ = {isa = PBXBuildFile; fileRef = 49260BCD2B6DDFFE00CA644F /* TextTitle.swift */; };
		49260BD02B6DE07000CA644F /* TextFieldInput.swift in Sources */ = {isa = PBXBuildFile; fileRef = 49260BCF2B6DE07000CA644F /* TextFieldInput.swift */; };
		49288E6C2B621A5300F6E6DF /* APIBase.swift in Sources */ = {isa = PBXBuildFile; fileRef = 49288E6B2B621A5300F6E6DF /* APIBase.swift */; };
		495F432E2B6B3396008BB485 /* GliderStore.swift in Sources */ = {isa = PBXBuildFile; fileRef = 495F432D2B6B3396008BB485 /* GliderStore.swift */; };
		498B37A92B5F105C0003E828 /* MapView.swift in Sources */ = {isa = PBXBuildFile; fileRef = 498B37A82B5F105B0003E828 /* MapView.swift */; };
		498ED6202B6E0842001984C6 /* ADSB.swift in Sources */ = {isa = PBXBuildFile; fileRef = 498ED61F2B6E0842001984C6 /* ADSB.swift */; };
		498ED6222B6E08E0001984C6 /* adsb.txt in Resources */ = {isa = PBXBuildFile; fileRef = 498ED6212B6E08E0001984C6 /* adsb.txt */; };
		499209342B69CF9700A9A2CD /* Glider.swift in Sources */ = {isa = PBXBuildFile; fileRef = 499209332B69CF9600A9A2CD /* Glider.swift */; };
		499209362B69CF9F00A9A2CD /* Thermal.swift in Sources */ = {isa = PBXBuildFile; fileRef = 499209352B69CF9F00A9A2CD /* Thermal.swift */; };
		499209382B69CFA400A9A2CD /* Flight.swift in Sources */ = {isa = PBXBuildFile; fileRef = 499209372B69CFA400A9A2CD /* Flight.swift */; };
		4992093D2B69E9AF00A9A2CD /* DateTime.swift in Sources */ = {isa = PBXBuildFile; fileRef = 4992093C2B69E9AF00A9A2CD /* DateTime.swift */; };
		4996587F2B5DA75200ACCAF7 /* Gliding_In_FlightApp.swift in Sources */ = {isa = PBXBuildFile; fileRef = 4996587E2B5DA75200ACCAF7 /* Gliding_In_FlightApp.swift */; };
		499658812B5DA75200ACCAF7 /* Persistence.swift in Sources */ = {isa = PBXBuildFile; fileRef = 499658802B5DA75200ACCAF7 /* Persistence.swift */; };
		499658842B5DA75200ACCAF7 /* Gliding_In_Flight.xcdatamodeld in Sources */ = {isa = PBXBuildFile; fileRef = 499658822B5DA75200ACCAF7 /* Gliding_In_Flight.xcdatamodeld */; };
		499658882B5DA75600ACCAF7 /* Assets.xcassets in Resources */ = {isa = PBXBuildFile; fileRef = 499658872B5DA75600ACCAF7 /* Assets.xcassets */; };
		4996588C2B5DA75600ACCAF7 /* Preview Assets.xcassets in Resources */ = {isa = PBXBuildFile; fileRef = 4996588B2B5DA75600ACCAF7 /* Preview Assets.xcassets */; };
		499658962B5DA75700ACCAF7 /* Gliding_In_FlightTests.swift in Sources */ = {isa = PBXBuildFile; fileRef = 499658952B5DA75700ACCAF7 /* Gliding_In_FlightTests.swift */; };
		499658A02B5DA75700ACCAF7 /* Gliding_In_FlightUITests.swift in Sources */ = {isa = PBXBuildFile; fileRef = 4996589F2B5DA75700ACCAF7 /* Gliding_In_FlightUITests.swift */; };
		499658A22B5DA75700ACCAF7 /* Gliding_In_FlightUITestsLaunchTests.swift in Sources */ = {isa = PBXBuildFile; fileRef = 499658A12B5DA75700ACCAF7 /* Gliding_In_FlightUITestsLaunchTests.swift */; };
		499C41D02B61DB0900FE42BA /* TESTER.swift in Sources */ = {isa = PBXBuildFile; fileRef = 499C41CF2B61DB0900FE42BA /* TESTER.swift */; };
		49A5E7FE2B68927400B08107 /* APIGlider.swift in Sources */ = {isa = PBXBuildFile; fileRef = 49A5E7FD2B68927400B08107 /* APIGlider.swift */; };
		49A5E8002B68927B00B08107 /* APIFlight.swift in Sources */ = {isa = PBXBuildFile; fileRef = 49A5E7FF2B68927B00B08107 /* APIFlight.swift */; };
		49A5E8022B68928200B08107 /* APIThermal.swift in Sources */ = {isa = PBXBuildFile; fileRef = 49A5E8012B68928200B08107 /* APIThermal.swift */; };
		49A5E8042B68940D00B08107 /* Config.swift in Sources */ = {isa = PBXBuildFile; fileRef = 49A5E8032B68940D00B08107 /* Config.swift */; };
		49B7F8B52B6C5B8300C2B6B1 /* FlightStore.swift in Sources */ = {isa = PBXBuildFile; fileRef = 49B7F8B42B6C5B8300C2B6B1 /* FlightStore.swift */; };
		49C1C4E12B6AEC3A00B5F368 /* APIError.swift in Sources */ = {isa = PBXBuildFile; fileRef = 49C1C4E02B6AEC3A00B5F368 /* APIError.swift */; };
		49C1C4E32B6AF31100B5F368 /* Location.swift in Sources */ = {isa = PBXBuildFile; fileRef = 49C1C4E22B6AF31100B5F368 /* Location.swift */; };
		49C1C4E52B6AFDA600B5F368 /* ObjectGenerator.swift in Sources */ = {isa = PBXBuildFile; fileRef = 49C1C4E42B6AFDA600B5F368 /* ObjectGenerator.swift */; };
		49E34A2E2B60523900FF27CC /* OutdatedIOS.swift in Sources */ = {isa = PBXBuildFile; fileRef = 49E34A2D2B60523900FF27CC /* OutdatedIOS.swift */; };
/* End PBXBuildFile section */

/* Begin PBXContainerItemProxy section */
		499658922B5DA75700ACCAF7 /* PBXContainerItemProxy */ = {
			isa = PBXContainerItemProxy;
			containerPortal = 499658732B5DA75200ACCAF7 /* Project object */;
			proxyType = 1;
			remoteGlobalIDString = 4996587A2B5DA75200ACCAF7;
			remoteInfo = "Gliding-In-Flight";
		};
		4996589C2B5DA75700ACCAF7 /* PBXContainerItemProxy */ = {
			isa = PBXContainerItemProxy;
			containerPortal = 499658732B5DA75200ACCAF7 /* Project object */;
			proxyType = 1;
			remoteGlobalIDString = 4996587A2B5DA75200ACCAF7;
			remoteInfo = "Gliding-In-Flight";
		};
/* End PBXContainerItemProxy section */

/* Begin PBXFileReference section */
		49260BBC2B6DAFA400CA644F /* LoginView.swift */ = {isa = PBXFileReference; lastKnownFileType = sourcecode.swift; path = LoginView.swift; sourceTree = "<group>"; };
		49260BC22B6DC2FD00CA644F /* ButtonSubmit.swift */ = {isa = PBXFileReference; lastKnownFileType = sourcecode.swift; path = ButtonSubmit.swift; sourceTree = "<group>"; };
		49260BC42B6DD4C300CA644F /* RequestLocationView.swift */ = {isa = PBXFileReference; lastKnownFileType = sourcecode.swift; path = RequestLocationView.swift; sourceTree = "<group>"; };
		49260BC72B6DD5B100CA644F /* LocationSetup.swift */ = {isa = PBXFileReference; lastKnownFileType = sourcecode.swift; path = LocationSetup.swift; sourceTree = "<group>"; };
		49260BC92B6DDA5C00CA644F /* InvalidLocationView.swift */ = {isa = PBXFileReference; lastKnownFileType = sourcecode.swift; path = InvalidLocationView.swift; sourceTree = "<group>"; };
		49260BCB2B6DDFD700CA644F /* CreateAccountView.swift */ = {isa = PBXFileReference; lastKnownFileType = sourcecode.swift; path = CreateAccountView.swift; sourceTree = "<group>"; };
		49260BCD2B6DDFFE00CA644F /* TextTitle.swift */ = {isa = PBXFileReference; lastKnownFileType = sourcecode.swift; path = TextTitle.swift; sourceTree = "<group>"; };
		49260BCF2B6DE07000CA644F /* TextFieldInput.swift */ = {isa = PBXFileReference; lastKnownFileType = sourcecode.swift; path = TextFieldInput.swift; sourceTree = "<group>"; };
		49288E6B2B621A5300F6E6DF /* APIBase.swift */ = {isa = PBXFileReference; lastKnownFileType = sourcecode.swift; path = APIBase.swift; sourceTree = "<group>"; };
		495F432D2B6B3396008BB485 /* GliderStore.swift */ = {isa = PBXFileReference; lastKnownFileType = sourcecode.swift; path = GliderStore.swift; sourceTree = "<group>"; };
		498B37A82B5F105B0003E828 /* MapView.swift */ = {isa = PBXFileReference; lastKnownFileType = sourcecode.swift; path = MapView.swift; sourceTree = "<group>"; };
		498ED61F2B6E0842001984C6 /* ADSB.swift */ = {isa = PBXFileReference; lastKnownFileType = sourcecode.swift; path = ADSB.swift; sourceTree = "<group>"; };
		498ED6212B6E08E0001984C6 /* adsb.txt */ = {isa = PBXFileReference; lastKnownFileType = text; path = adsb.txt; sourceTree = "<group>"; };
		499209332B69CF9600A9A2CD /* Glider.swift */ = {isa = PBXFileReference; lastKnownFileType = sourcecode.swift; path = Glider.swift; sourceTree = "<group>"; };
		499209352B69CF9F00A9A2CD /* Thermal.swift */ = {isa = PBXFileReference; lastKnownFileType = sourcecode.swift; path = Thermal.swift; sourceTree = "<group>"; };
		499209372B69CFA400A9A2CD /* Flight.swift */ = {isa = PBXFileReference; lastKnownFileType = sourcecode.swift; path = Flight.swift; sourceTree = "<group>"; };
		4992093C2B69E9AF00A9A2CD /* DateTime.swift */ = {isa = PBXFileReference; lastKnownFileType = sourcecode.swift; path = DateTime.swift; sourceTree = "<group>"; };
		4996587B2B5DA75200ACCAF7 /* Gliding-In-Flight.app */ = {isa = PBXFileReference; explicitFileType = wrapper.application; includeInIndex = 0; path = "Gliding-In-Flight.app"; sourceTree = BUILT_PRODUCTS_DIR; };
		4996587E2B5DA75200ACCAF7 /* Gliding_In_FlightApp.swift */ = {isa = PBXFileReference; lastKnownFileType = sourcecode.swift; path = Gliding_In_FlightApp.swift; sourceTree = "<group>"; };
		499658802B5DA75200ACCAF7 /* Persistence.swift */ = {isa = PBXFileReference; lastKnownFileType = sourcecode.swift; path = Persistence.swift; sourceTree = "<group>"; };
		499658832B5DA75200ACCAF7 /* Gliding_In_Flight.xcdatamodel */ = {isa = PBXFileReference; lastKnownFileType = wrapper.xcdatamodel; path = Gliding_In_Flight.xcdatamodel; sourceTree = "<group>"; };
		499658872B5DA75600ACCAF7 /* Assets.xcassets */ = {isa = PBXFileReference; lastKnownFileType = folder.assetcatalog; path = Assets.xcassets; sourceTree = "<group>"; };
		499658892B5DA75600ACCAF7 /* Gliding_In_Flight.entitlements */ = {isa = PBXFileReference; lastKnownFileType = text.plist.entitlements; path = Gliding_In_Flight.entitlements; sourceTree = "<group>"; };
		4996588B2B5DA75600ACCAF7 /* Preview Assets.xcassets */ = {isa = PBXFileReference; lastKnownFileType = folder.assetcatalog; path = "Preview Assets.xcassets"; sourceTree = "<group>"; };
		499658912B5DA75700ACCAF7 /* Gliding-In-FlightTests.xctest */ = {isa = PBXFileReference; explicitFileType = wrapper.cfbundle; includeInIndex = 0; path = "Gliding-In-FlightTests.xctest"; sourceTree = BUILT_PRODUCTS_DIR; };
		499658952B5DA75700ACCAF7 /* Gliding_In_FlightTests.swift */ = {isa = PBXFileReference; lastKnownFileType = sourcecode.swift; path = Gliding_In_FlightTests.swift; sourceTree = "<group>"; };
		4996589B2B5DA75700ACCAF7 /* Gliding-In-FlightUITests.xctest */ = {isa = PBXFileReference; explicitFileType = wrapper.cfbundle; includeInIndex = 0; path = "Gliding-In-FlightUITests.xctest"; sourceTree = BUILT_PRODUCTS_DIR; };
		4996589F2B5DA75700ACCAF7 /* Gliding_In_FlightUITests.swift */ = {isa = PBXFileReference; lastKnownFileType = sourcecode.swift; path = Gliding_In_FlightUITests.swift; sourceTree = "<group>"; };
		499658A12B5DA75700ACCAF7 /* Gliding_In_FlightUITestsLaunchTests.swift */ = {isa = PBXFileReference; lastKnownFileType = sourcecode.swift; path = Gliding_In_FlightUITestsLaunchTests.swift; sourceTree = "<group>"; };
		499C41CF2B61DB0900FE42BA /* TESTER.swift */ = {isa = PBXFileReference; lastKnownFileType = sourcecode.swift; path = TESTER.swift; sourceTree = "<group>"; };
		49A5E7FD2B68927400B08107 /* APIGlider.swift */ = {isa = PBXFileReference; lastKnownFileType = sourcecode.swift; path = APIGlider.swift; sourceTree = "<group>"; };
		49A5E7FF2B68927B00B08107 /* APIFlight.swift */ = {isa = PBXFileReference; lastKnownFileType = sourcecode.swift; path = APIFlight.swift; sourceTree = "<group>"; };
		49A5E8012B68928200B08107 /* APIThermal.swift */ = {isa = PBXFileReference; lastKnownFileType = sourcecode.swift; path = APIThermal.swift; sourceTree = "<group>"; };
		49A5E8032B68940D00B08107 /* Config.swift */ = {isa = PBXFileReference; lastKnownFileType = sourcecode.swift; path = Config.swift; sourceTree = "<group>"; };
		49B7F8B42B6C5B8300C2B6B1 /* FlightStore.swift */ = {isa = PBXFileReference; lastKnownFileType = sourcecode.swift; path = FlightStore.swift; sourceTree = "<group>"; };
		49C1C4E02B6AEC3A00B5F368 /* APIError.swift */ = {isa = PBXFileReference; lastKnownFileType = sourcecode.swift; path = APIError.swift; sourceTree = "<group>"; };
		49C1C4E22B6AF31100B5F368 /* Location.swift */ = {isa = PBXFileReference; lastKnownFileType = sourcecode.swift; path = Location.swift; sourceTree = "<group>"; };
		49C1C4E42B6AFDA600B5F368 /* ObjectGenerator.swift */ = {isa = PBXFileReference; lastKnownFileType = sourcecode.swift; path = ObjectGenerator.swift; sourceTree = "<group>"; };
		49E34A2D2B60523900FF27CC /* OutdatedIOS.swift */ = {isa = PBXFileReference; lastKnownFileType = sourcecode.swift; path = OutdatedIOS.swift; sourceTree = "<group>"; };
/* End PBXFileReference section */

/* Begin PBXFrameworksBuildPhase section */
		499658782B5DA75200ACCAF7 /* Frameworks */ = {
			isa = PBXFrameworksBuildPhase;
			buildActionMask = 2147483647;
			files = (
			);
			runOnlyForDeploymentPostprocessing = 0;
		};
		4996588E2B5DA75700ACCAF7 /* Frameworks */ = {
			isa = PBXFrameworksBuildPhase;
			buildActionMask = 2147483647;
			files = (
			);
			runOnlyForDeploymentPostprocessing = 0;
		};
		499658982B5DA75700ACCAF7 /* Frameworks */ = {
			isa = PBXFrameworksBuildPhase;
			buildActionMask = 2147483647;
			files = (
			);
			runOnlyForDeploymentPostprocessing = 0;
		};
/* End PBXFrameworksBuildPhase section */

/* Begin PBXGroup section */
		49260BBF2B6DC2D900CA644F /* Standard Components */ = {
			isa = PBXGroup;
			children = (
				49260BC22B6DC2FD00CA644F /* ButtonSubmit.swift */,
				49260BCD2B6DDFFE00CA644F /* TextTitle.swift */,
				49260BCF2B6DE07000CA644F /* TextFieldInput.swift */,
			);
			path = "Standard Components";
			sourceTree = "<group>";
		};
		49260BC62B6DD5A300CA644F /* Location */ = {
			isa = PBXGroup;
			children = (
				49260BC72B6DD5B100CA644F /* LocationSetup.swift */,
			);
			path = Location;
			sourceTree = "<group>";
		};
		49288E6A2B621A3F00F6E6DF /* API */ = {
			isa = PBXGroup;
			children = (
				498ED61E2B6E0832001984C6 /* ADSB */,
				49288E6B2B621A5300F6E6DF /* APIBase.swift */,
				49A5E7FD2B68927400B08107 /* APIGlider.swift */,
				49A5E7FF2B68927B00B08107 /* APIFlight.swift */,
				49A5E8012B68928200B08107 /* APIThermal.swift */,
				49C1C4E02B6AEC3A00B5F368 /* APIError.swift */,
			);
			path = API;
			sourceTree = "<group>";
		};
		494C51142B5EF8C10023E176 /* Views */ = {
			isa = PBXGroup;
			children = (
				498ED61D2B6DFB6D001984C6 /* NavigationViews */,
				498ED61C2B6DFB2E001984C6 /* BlockedViews */,
				498ED61B2B6DFB12001984C6 /* ValidationViews */,
				49260BBF2B6DC2D900CA644F /* Standard Components */,
				499C41CF2B61DB0900FE42BA /* TESTER.swift */,
				49260BC42B6DD4C300CA644F /* RequestLocationView.swift */,
			);
			path = Views;
			sourceTree = "<group>";
		};
		495F432B2B6B3381008BB485 /* DataStore */ = {
			isa = PBXGroup;
			children = (
				495F432D2B6B3396008BB485 /* GliderStore.swift */,
				49B7F8B42B6C5B8300C2B6B1 /* FlightStore.swift */,
			);
			path = DataStore;
			sourceTree = "<group>";
		};
		498ED61B2B6DFB12001984C6 /* ValidationViews */ = {
			isa = PBXGroup;
			children = (
				49260BBC2B6DAFA400CA644F /* LoginView.swift */,
				49260BCB2B6DDFD700CA644F /* CreateAccountView.swift */,
			);
			path = ValidationViews;
			sourceTree = "<group>";
		};
		498ED61C2B6DFB2E001984C6 /* BlockedViews */ = {
			isa = PBXGroup;
			children = (
				49E34A2D2B60523900FF27CC /* OutdatedIOS.swift */,
				49260BC92B6DDA5C00CA644F /* InvalidLocationView.swift */,
			);
			path = BlockedViews;
			sourceTree = "<group>";
		};
		498ED61D2B6DFB6D001984C6 /* NavigationViews */ = {
			isa = PBXGroup;
			children = (
				498B37A82B5F105B0003E828 /* MapView.swift */,
			);
			path = NavigationViews;
			sourceTree = "<group>";
		};
		498ED61E2B6E0832001984C6 /* ADSB */ = {
			isa = PBXGroup;
			children = (
				498ED61F2B6E0842001984C6 /* ADSB.swift */,
				498ED6212B6E08E0001984C6 /* adsb.txt */,
			);
			path = ADSB;
			sourceTree = "<group>";
		};
		499209312B69CF7900A9A2CD /* Data */ = {
			isa = PBXGroup;
			children = (
				495F432B2B6B3381008BB485 /* DataStore */,
				499209322B69CF8400A9A2CD /* DataTypes */,
				49288E6A2B621A3F00F6E6DF /* API */,
			);
			path = Data;
			sourceTree = "<group>";
		};
		499209322B69CF8400A9A2CD /* DataTypes */ = {
			isa = PBXGroup;
			children = (
				499209332B69CF9600A9A2CD /* Glider.swift */,
				499209352B69CF9F00A9A2CD /* Thermal.swift */,
				499209372B69CFA400A9A2CD /* Flight.swift */,
				49C1C4E22B6AF31100B5F368 /* Location.swift */,
				49C1C4E42B6AFDA600B5F368 /* ObjectGenerator.swift */,
			);
			path = DataTypes;
			sourceTree = "<group>";
		};
		499209392B69E99000A9A2CD /* Util */ = {
			isa = PBXGroup;
			children = (
				4992093C2B69E9AF00A9A2CD /* DateTime.swift */,
			);
			path = Util;
			sourceTree = "<group>";
		};
		499658722B5DA75200ACCAF7 = {
			isa = PBXGroup;
			children = (
				4996587D2B5DA75200ACCAF7 /* Gliding-In-Flight */,
				499658942B5DA75700ACCAF7 /* Gliding-In-FlightTests */,
				4996589E2B5DA75700ACCAF7 /* Gliding-In-FlightUITests */,
				4996587C2B5DA75200ACCAF7 /* Products */,
			);
			sourceTree = "<group>";
		};
		4996587C2B5DA75200ACCAF7 /* Products */ = {
			isa = PBXGroup;
			children = (
				4996587B2B5DA75200ACCAF7 /* Gliding-In-Flight.app */,
				499658912B5DA75700ACCAF7 /* Gliding-In-FlightTests.xctest */,
				4996589B2B5DA75700ACCAF7 /* Gliding-In-FlightUITests.xctest */,
			);
			name = Products;
			sourceTree = "<group>";
		};
		4996587D2B5DA75200ACCAF7 /* Gliding-In-Flight */ = {
			isa = PBXGroup;
			children = (
				49260BC62B6DD5A300CA644F /* Location */,
				499209392B69E99000A9A2CD /* Util */,
				499209312B69CF7900A9A2CD /* Data */,
				494C51142B5EF8C10023E176 /* Views */,
				4996587E2B5DA75200ACCAF7 /* Gliding_In_FlightApp.swift */,
				499658802B5DA75200ACCAF7 /* Persistence.swift */,
				499658872B5DA75600ACCAF7 /* Assets.xcassets */,
				499658892B5DA75600ACCAF7 /* Gliding_In_Flight.entitlements */,
				499658822B5DA75200ACCAF7 /* Gliding_In_Flight.xcdatamodeld */,
				4996588A2B5DA75600ACCAF7 /* Preview Content */,
				49A5E8032B68940D00B08107 /* Config.swift */,
			);
			path = "Gliding-In-Flight";
			sourceTree = "<group>";
		};
		4996588A2B5DA75600ACCAF7 /* Preview Content */ = {
			isa = PBXGroup;
			children = (
				4996588B2B5DA75600ACCAF7 /* Preview Assets.xcassets */,
			);
			path = "Preview Content";
			sourceTree = "<group>";
		};
		499658942B5DA75700ACCAF7 /* Gliding-In-FlightTests */ = {
			isa = PBXGroup;
			children = (
				499658952B5DA75700ACCAF7 /* Gliding_In_FlightTests.swift */,
			);
			path = "Gliding-In-FlightTests";
			sourceTree = "<group>";
		};
		4996589E2B5DA75700ACCAF7 /* Gliding-In-FlightUITests */ = {
			isa = PBXGroup;
			children = (
				4996589F2B5DA75700ACCAF7 /* Gliding_In_FlightUITests.swift */,
				499658A12B5DA75700ACCAF7 /* Gliding_In_FlightUITestsLaunchTests.swift */,
			);
			path = "Gliding-In-FlightUITests";
			sourceTree = "<group>";
		};
/* End PBXGroup section */

/* Begin PBXNativeTarget section */
		4996587A2B5DA75200ACCAF7 /* Gliding-In-Flight */ = {
			isa = PBXNativeTarget;
			buildConfigurationList = 499658A52B5DA75700ACCAF7 /* Build configuration list for PBXNativeTarget "Gliding-In-Flight" */;
			buildPhases = (
				499658772B5DA75200ACCAF7 /* Sources */,
				499658782B5DA75200ACCAF7 /* Frameworks */,
				499658792B5DA75200ACCAF7 /* Resources */,
			);
			buildRules = (
			);
			dependencies = (
			);
			name = "Gliding-In-Flight";
			productName = "Gliding-In-Flight";
			productReference = 4996587B2B5DA75200ACCAF7 /* Gliding-In-Flight.app */;
			productType = "com.apple.product-type.application";
		};
		499658902B5DA75700ACCAF7 /* Gliding-In-FlightTests */ = {
			isa = PBXNativeTarget;
			buildConfigurationList = 499658A82B5DA75700ACCAF7 /* Build configuration list for PBXNativeTarget "Gliding-In-FlightTests" */;
			buildPhases = (
				4996588D2B5DA75700ACCAF7 /* Sources */,
				4996588E2B5DA75700ACCAF7 /* Frameworks */,
				4996588F2B5DA75700ACCAF7 /* Resources */,
			);
			buildRules = (
			);
			dependencies = (
				499658932B5DA75700ACCAF7 /* PBXTargetDependency */,
			);
			name = "Gliding-In-FlightTests";
			productName = "Gliding-In-FlightTests";
			productReference = 499658912B5DA75700ACCAF7 /* Gliding-In-FlightTests.xctest */;
			productType = "com.apple.product-type.bundle.unit-test";
		};
		4996589A2B5DA75700ACCAF7 /* Gliding-In-FlightUITests */ = {
			isa = PBXNativeTarget;
			buildConfigurationList = 499658AB2B5DA75700ACCAF7 /* Build configuration list for PBXNativeTarget "Gliding-In-FlightUITests" */;
			buildPhases = (
				499658972B5DA75700ACCAF7 /* Sources */,
				499658982B5DA75700ACCAF7 /* Frameworks */,
				499658992B5DA75700ACCAF7 /* Resources */,
			);
			buildRules = (
			);
			dependencies = (
				4996589D2B5DA75700ACCAF7 /* PBXTargetDependency */,
			);
			name = "Gliding-In-FlightUITests";
			productName = "Gliding-In-FlightUITests";
			productReference = 4996589B2B5DA75700ACCAF7 /* Gliding-In-FlightUITests.xctest */;
			productType = "com.apple.product-type.bundle.ui-testing";
		};
/* End PBXNativeTarget section */

/* Begin PBXProject section */
		499658732B5DA75200ACCAF7 /* Project object */ = {
			isa = PBXProject;
			attributes = {
				BuildIndependentTargetsInParallel = 1;
				LastSwiftUpdateCheck = 1420;
				LastUpgradeCheck = 1420;
				TargetAttributes = {
					4996587A2B5DA75200ACCAF7 = {
						CreatedOnToolsVersion = 14.2;
					};
					499658902B5DA75700ACCAF7 = {
						CreatedOnToolsVersion = 14.2;
						TestTargetID = 4996587A2B5DA75200ACCAF7;
					};
					4996589A2B5DA75700ACCAF7 = {
						CreatedOnToolsVersion = 14.2;
						TestTargetID = 4996587A2B5DA75200ACCAF7;
					};
				};
			};
			buildConfigurationList = 499658762B5DA75200ACCAF7 /* Build configuration list for PBXProject "Gliding-In-Flight" */;
			compatibilityVersion = "Xcode 14.0";
			developmentRegion = en;
			hasScannedForEncodings = 0;
			knownRegions = (
				en,
				Base,
			);
			mainGroup = 499658722B5DA75200ACCAF7;
			productRefGroup = 4996587C2B5DA75200ACCAF7 /* Products */;
			projectDirPath = "";
			projectRoot = "";
			targets = (
				4996587A2B5DA75200ACCAF7 /* Gliding-In-Flight */,
				499658902B5DA75700ACCAF7 /* Gliding-In-FlightTests */,
				4996589A2B5DA75700ACCAF7 /* Gliding-In-FlightUITests */,
			);
		};
/* End PBXProject section */

/* Begin PBXResourcesBuildPhase section */
		499658792B5DA75200ACCAF7 /* Resources */ = {
			isa = PBXResourcesBuildPhase;
			buildActionMask = 2147483647;
			files = (
				4996588C2B5DA75600ACCAF7 /* Preview Assets.xcassets in Resources */,
				498ED6222B6E08E0001984C6 /* adsb.txt in Resources */,
				499658882B5DA75600ACCAF7 /* Assets.xcassets in Resources */,
			);
			runOnlyForDeploymentPostprocessing = 0;
		};
		4996588F2B5DA75700ACCAF7 /* Resources */ = {
			isa = PBXResourcesBuildPhase;
			buildActionMask = 2147483647;
			files = (
			);
			runOnlyForDeploymentPostprocessing = 0;
		};
		499658992B5DA75700ACCAF7 /* Resources */ = {
			isa = PBXResourcesBuildPhase;
			buildActionMask = 2147483647;
			files = (
			);
			runOnlyForDeploymentPostprocessing = 0;
		};
/* End PBXResourcesBuildPhase section */

/* Begin PBXSourcesBuildPhase section */
		499658772B5DA75200ACCAF7 /* Sources */ = {
			isa = PBXSourcesBuildPhase;
			buildActionMask = 2147483647;
			files = (
				49E34A2E2B60523900FF27CC /* OutdatedIOS.swift in Sources */,
				499209362B69CF9F00A9A2CD /* Thermal.swift in Sources */,
				498B37A92B5F105C0003E828 /* MapView.swift in Sources */,
				49A5E8002B68927B00B08107 /* APIFlight.swift in Sources */,
				49A5E8042B68940D00B08107 /* Config.swift in Sources */,
				49260BC82B6DD5B100CA644F /* LocationSetup.swift in Sources */,
				4996587F2B5DA75200ACCAF7 /* Gliding_In_FlightApp.swift in Sources */,
				49260BD02B6DE07000CA644F /* TextFieldInput.swift in Sources */,
				499209342B69CF9700A9A2CD /* Glider.swift in Sources */,
				49A5E8022B68928200B08107 /* APIThermal.swift in Sources */,
				49260BC52B6DD4C300CA644F /* RequestLocationView.swift in Sources */,
				49A5E7FE2B68927400B08107 /* APIGlider.swift in Sources */,
				49260BC32B6DC2FD00CA644F /* ButtonSubmit.swift in Sources */,
				499658842B5DA75200ACCAF7 /* Gliding_In_Flight.xcdatamodeld in Sources */,
				499209382B69CFA400A9A2CD /* Flight.swift in Sources */,
				49C1C4E32B6AF31100B5F368 /* Location.swift in Sources */,
				49260BBD2B6DAFA400CA644F /* LoginView.swift in Sources */,
				495F432E2B6B3396008BB485 /* GliderStore.swift in Sources */,
				4992093D2B69E9AF00A9A2CD /* DateTime.swift in Sources */,
				49B7F8B52B6C5B8300C2B6B1 /* FlightStore.swift in Sources */,
				49288E6C2B621A5300F6E6DF /* APIBase.swift in Sources */,
				49260BCC2B6DDFD700CA644F /* CreateAccountView.swift in Sources */,
				499C41D02B61DB0900FE42BA /* TESTER.swift in Sources */,
				499658812B5DA75200ACCAF7 /* Persistence.swift in Sources */,
				49260BCE2B6DDFFE00CA644F /* TextTitle.swift in Sources */,
				49C1C4E52B6AFDA600B5F368 /* ObjectGenerator.swift in Sources */,
				49C1C4E12B6AEC3A00B5F368 /* APIError.swift in Sources */,
				49260BCA2B6DDA5C00CA644F /* InvalidLocationView.swift in Sources */,
				498ED6202B6E0842001984C6 /* ADSB.swift in Sources */,
			);
			runOnlyForDeploymentPostprocessing = 0;
		};
		4996588D2B5DA75700ACCAF7 /* Sources */ = {
			isa = PBXSourcesBuildPhase;
			buildActionMask = 2147483647;
			files = (
				499658962B5DA75700ACCAF7 /* Gliding_In_FlightTests.swift in Sources */,
			);
			runOnlyForDeploymentPostprocessing = 0;
		};
		499658972B5DA75700ACCAF7 /* Sources */ = {
			isa = PBXSourcesBuildPhase;
			buildActionMask = 2147483647;
			files = (
				499658A22B5DA75700ACCAF7 /* Gliding_In_FlightUITestsLaunchTests.swift in Sources */,
				499658A02B5DA75700ACCAF7 /* Gliding_In_FlightUITests.swift in Sources */,
			);
			runOnlyForDeploymentPostprocessing = 0;
		};
/* End PBXSourcesBuildPhase section */

/* Begin PBXTargetDependency section */
		499658932B5DA75700ACCAF7 /* PBXTargetDependency */ = {
			isa = PBXTargetDependency;
			target = 4996587A2B5DA75200ACCAF7 /* Gliding-In-Flight */;
			targetProxy = 499658922B5DA75700ACCAF7 /* PBXContainerItemProxy */;
		};
		4996589D2B5DA75700ACCAF7 /* PBXTargetDependency */ = {
			isa = PBXTargetDependency;
			target = 4996587A2B5DA75200ACCAF7 /* Gliding-In-Flight */;
			targetProxy = 4996589C2B5DA75700ACCAF7 /* PBXContainerItemProxy */;
		};
/* End PBXTargetDependency section */

/* Begin XCBuildConfiguration section */
		499658A32B5DA75700ACCAF7 /* Debug */ = {
			isa = XCBuildConfiguration;
			buildSettings = {
				ALWAYS_SEARCH_USER_PATHS = NO;
				CLANG_ANALYZER_NONNULL = YES;
				CLANG_ANALYZER_NUMBER_OBJECT_CONVERSION = YES_AGGRESSIVE;
				CLANG_CXX_LANGUAGE_STANDARD = "gnu++20";
				CLANG_ENABLE_MODULES = YES;
				CLANG_ENABLE_OBJC_ARC = YES;
				CLANG_ENABLE_OBJC_WEAK = YES;
				CLANG_WARN_BLOCK_CAPTURE_AUTORELEASING = YES;
				CLANG_WARN_BOOL_CONVERSION = YES;
				CLANG_WARN_COMMA = YES;
				CLANG_WARN_CONSTANT_CONVERSION = YES;
				CLANG_WARN_DEPRECATED_OBJC_IMPLEMENTATIONS = YES;
				CLANG_WARN_DIRECT_OBJC_ISA_USAGE = YES_ERROR;
				CLANG_WARN_DOCUMENTATION_COMMENTS = YES;
				CLANG_WARN_EMPTY_BODY = YES;
				CLANG_WARN_ENUM_CONVERSION = YES;
				CLANG_WARN_INFINITE_RECURSION = YES;
				CLANG_WARN_INT_CONVERSION = YES;
				CLANG_WARN_NON_LITERAL_NULL_CONVERSION = YES;
				CLANG_WARN_OBJC_IMPLICIT_RETAIN_SELF = YES;
				CLANG_WARN_OBJC_LITERAL_CONVERSION = YES;
				CLANG_WARN_OBJC_ROOT_CLASS = YES_ERROR;
				CLANG_WARN_QUOTED_INCLUDE_IN_FRAMEWORK_HEADER = YES;
				CLANG_WARN_RANGE_LOOP_ANALYSIS = YES;
				CLANG_WARN_STRICT_PROTOTYPES = YES;
				CLANG_WARN_SUSPICIOUS_MOVE = YES;
				CLANG_WARN_UNGUARDED_AVAILABILITY = YES_AGGRESSIVE;
				CLANG_WARN_UNREACHABLE_CODE = YES;
				CLANG_WARN__DUPLICATE_METHOD_MATCH = YES;
				COPY_PHASE_STRIP = NO;
				DEBUG_INFORMATION_FORMAT = dwarf;
				ENABLE_STRICT_OBJC_MSGSEND = YES;
				ENABLE_TESTABILITY = YES;
				GCC_C_LANGUAGE_STANDARD = gnu11;
				GCC_DYNAMIC_NO_PIC = NO;
				GCC_NO_COMMON_BLOCKS = YES;
				GCC_OPTIMIZATION_LEVEL = 0;
				GCC_PREPROCESSOR_DEFINITIONS = (
					"DEBUG=1",
					"$(inherited)",
				);
				GCC_WARN_64_TO_32_BIT_CONVERSION = YES;
				GCC_WARN_ABOUT_RETURN_TYPE = YES_ERROR;
				GCC_WARN_UNDECLARED_SELECTOR = YES;
				GCC_WARN_UNINITIALIZED_AUTOS = YES_AGGRESSIVE;
				GCC_WARN_UNUSED_FUNCTION = YES;
				GCC_WARN_UNUSED_VARIABLE = YES;
				IPHONEOS_DEPLOYMENT_TARGET = 17.0;
				MTL_ENABLE_DEBUG_INFO = INCLUDE_SOURCE;
				MTL_FAST_MATH = YES;
				ONLY_ACTIVE_ARCH = YES;
				SWIFT_ACTIVE_COMPILATION_CONDITIONS = DEBUG;
				SWIFT_OPTIMIZATION_LEVEL = "-Onone";
			};
			name = Debug;
		};
		499658A42B5DA75700ACCAF7 /* Release */ = {
			isa = XCBuildConfiguration;
			buildSettings = {
				ALWAYS_SEARCH_USER_PATHS = NO;
				CLANG_ANALYZER_NONNULL = YES;
				CLANG_ANALYZER_NUMBER_OBJECT_CONVERSION = YES_AGGRESSIVE;
				CLANG_CXX_LANGUAGE_STANDARD = "gnu++20";
				CLANG_ENABLE_MODULES = YES;
				CLANG_ENABLE_OBJC_ARC = YES;
				CLANG_ENABLE_OBJC_WEAK = YES;
				CLANG_WARN_BLOCK_CAPTURE_AUTORELEASING = YES;
				CLANG_WARN_BOOL_CONVERSION = YES;
				CLANG_WARN_COMMA = YES;
				CLANG_WARN_CONSTANT_CONVERSION = YES;
				CLANG_WARN_DEPRECATED_OBJC_IMPLEMENTATIONS = YES;
				CLANG_WARN_DIRECT_OBJC_ISA_USAGE = YES_ERROR;
				CLANG_WARN_DOCUMENTATION_COMMENTS = YES;
				CLANG_WARN_EMPTY_BODY = YES;
				CLANG_WARN_ENUM_CONVERSION = YES;
				CLANG_WARN_INFINITE_RECURSION = YES;
				CLANG_WARN_INT_CONVERSION = YES;
				CLANG_WARN_NON_LITERAL_NULL_CONVERSION = YES;
				CLANG_WARN_OBJC_IMPLICIT_RETAIN_SELF = YES;
				CLANG_WARN_OBJC_LITERAL_CONVERSION = YES;
				CLANG_WARN_OBJC_ROOT_CLASS = YES_ERROR;
				CLANG_WARN_QUOTED_INCLUDE_IN_FRAMEWORK_HEADER = YES;
				CLANG_WARN_RANGE_LOOP_ANALYSIS = YES;
				CLANG_WARN_STRICT_PROTOTYPES = YES;
				CLANG_WARN_SUSPICIOUS_MOVE = YES;
				CLANG_WARN_UNGUARDED_AVAILABILITY = YES_AGGRESSIVE;
				CLANG_WARN_UNREACHABLE_CODE = YES;
				CLANG_WARN__DUPLICATE_METHOD_MATCH = YES;
				COPY_PHASE_STRIP = NO;
				DEBUG_INFORMATION_FORMAT = "dwarf-with-dsym";
				ENABLE_NS_ASSERTIONS = NO;
				ENABLE_STRICT_OBJC_MSGSEND = YES;
				GCC_C_LANGUAGE_STANDARD = gnu11;
				GCC_NO_COMMON_BLOCKS = YES;
				GCC_WARN_64_TO_32_BIT_CONVERSION = YES;
				GCC_WARN_ABOUT_RETURN_TYPE = YES_ERROR;
				GCC_WARN_UNDECLARED_SELECTOR = YES;
				GCC_WARN_UNINITIALIZED_AUTOS = YES_AGGRESSIVE;
				GCC_WARN_UNUSED_FUNCTION = YES;
				GCC_WARN_UNUSED_VARIABLE = YES;
				IPHONEOS_DEPLOYMENT_TARGET = 17.0;
				MTL_ENABLE_DEBUG_INFO = NO;
				MTL_FAST_MATH = YES;
				SWIFT_COMPILATION_MODE = wholemodule;
				SWIFT_OPTIMIZATION_LEVEL = "-O";
			};
			name = Release;
		};
		499658A62B5DA75700ACCAF7 /* Debug */ = {
			isa = XCBuildConfiguration;
			buildSettings = {
				ASSETCATALOG_COMPILER_APPICON_NAME = AppIcon;
				ASSETCATALOG_COMPILER_GLOBAL_ACCENT_COLOR_NAME = AccentColor;
				CODE_SIGN_ENTITLEMENTS = "Gliding-In-Flight/Gliding_In_Flight.entitlements";
				CODE_SIGN_STYLE = Automatic;
				CURRENT_PROJECT_VERSION = 1;
				DEVELOPMENT_ASSET_PATHS = "\"Gliding-In-Flight/Preview Content\"";
				DEVELOPMENT_TEAM = XQXW6778L7;
				ENABLE_PREVIEWS = YES;
				GENERATE_INFOPLIST_FILE = YES;
				INFOPLIST_KEY_NSLocationAlwaysAndWhenInUseUsageDescription = Test;
				INFOPLIST_KEY_NSLocationUsageDescription = Test;
				INFOPLIST_KEY_NSLocationWhenInUseUsageDescription = Test;
				"INFOPLIST_KEY_UIApplicationSceneManifest_Generation[sdk=iphoneos*]" = YES;
				"INFOPLIST_KEY_UIApplicationSceneManifest_Generation[sdk=iphonesimulator*]" = YES;
				"INFOPLIST_KEY_UIApplicationSupportsIndirectInputEvents[sdk=iphoneos*]" = YES;
				"INFOPLIST_KEY_UIApplicationSupportsIndirectInputEvents[sdk=iphonesimulator*]" = YES;
				"INFOPLIST_KEY_UILaunchScreen_Generation[sdk=iphoneos*]" = YES;
				"INFOPLIST_KEY_UILaunchScreen_Generation[sdk=iphonesimulator*]" = YES;
				"INFOPLIST_KEY_UIStatusBarStyle[sdk=iphoneos*]" = UIStatusBarStyleDefault;
				"INFOPLIST_KEY_UIStatusBarStyle[sdk=iphonesimulator*]" = UIStatusBarStyleDefault;
				INFOPLIST_KEY_UISupportedInterfaceOrientations_iPad = "UIInterfaceOrientationPortrait UIInterfaceOrientationPortraitUpsideDown UIInterfaceOrientationLandscapeLeft UIInterfaceOrientationLandscapeRight";
				INFOPLIST_KEY_UISupportedInterfaceOrientations_iPhone = "UIInterfaceOrientationPortrait UIInterfaceOrientationLandscapeLeft UIInterfaceOrientationLandscapeRight";
				IPHONEOS_DEPLOYMENT_TARGET = 16.2;
				LD_RUNPATH_SEARCH_PATHS = "@executable_path/Frameworks";
				"LD_RUNPATH_SEARCH_PATHS[sdk=macosx*]" = "@executable_path/../Frameworks";
				MACOSX_DEPLOYMENT_TARGET = 12.7;
				MARKETING_VERSION = 1.0;
				PRODUCT_BUNDLE_IDENTIFIER = "com.andrewstringfellow.Gliding-In-Flight";
				PRODUCT_NAME = "$(TARGET_NAME)";
				SDKROOT = auto;
				SUPPORTED_PLATFORMS = "iphoneos iphonesimulator macosx";
				SWIFT_EMIT_LOC_STRINGS = YES;
				SWIFT_VERSION = 5.0;
				TARGETED_DEVICE_FAMILY = "1,2";
			};
			name = Debug;
		};
		499658A72B5DA75700ACCAF7 /* Release */ = {
			isa = XCBuildConfiguration;
			buildSettings = {
				ASSETCATALOG_COMPILER_APPICON_NAME = AppIcon;
				ASSETCATALOG_COMPILER_GLOBAL_ACCENT_COLOR_NAME = AccentColor;
				CODE_SIGN_ENTITLEMENTS = "Gliding-In-Flight/Gliding_In_Flight.entitlements";
				CODE_SIGN_STYLE = Automatic;
				CURRENT_PROJECT_VERSION = 1;
				DEVELOPMENT_ASSET_PATHS = "\"Gliding-In-Flight/Preview Content\"";
				DEVELOPMENT_TEAM = XQXW6778L7;
				ENABLE_PREVIEWS = YES;
				GENERATE_INFOPLIST_FILE = YES;
				INFOPLIST_KEY_NSLocationAlwaysAndWhenInUseUsageDescription = Test;
				INFOPLIST_KEY_NSLocationUsageDescription = Test;
				INFOPLIST_KEY_NSLocationWhenInUseUsageDescription = Test;
				"INFOPLIST_KEY_UIApplicationSceneManifest_Generation[sdk=iphoneos*]" = YES;
				"INFOPLIST_KEY_UIApplicationSceneManifest_Generation[sdk=iphonesimulator*]" = YES;
				"INFOPLIST_KEY_UIApplicationSupportsIndirectInputEvents[sdk=iphoneos*]" = YES;
				"INFOPLIST_KEY_UIApplicationSupportsIndirectInputEvents[sdk=iphonesimulator*]" = YES;
				"INFOPLIST_KEY_UILaunchScreen_Generation[sdk=iphoneos*]" = YES;
				"INFOPLIST_KEY_UILaunchScreen_Generation[sdk=iphonesimulator*]" = YES;
				"INFOPLIST_KEY_UIStatusBarStyle[sdk=iphoneos*]" = UIStatusBarStyleDefault;
				"INFOPLIST_KEY_UIStatusBarStyle[sdk=iphonesimulator*]" = UIStatusBarStyleDefault;
				INFOPLIST_KEY_UISupportedInterfaceOrientations_iPad = "UIInterfaceOrientationPortrait UIInterfaceOrientationPortraitUpsideDown UIInterfaceOrientationLandscapeLeft UIInterfaceOrientationLandscapeRight";
				INFOPLIST_KEY_UISupportedInterfaceOrientations_iPhone = "UIInterfaceOrientationPortrait UIInterfaceOrientationLandscapeLeft UIInterfaceOrientationLandscapeRight";
				IPHONEOS_DEPLOYMENT_TARGET = 16.2;
				LD_RUNPATH_SEARCH_PATHS = "@executable_path/Frameworks";
				"LD_RUNPATH_SEARCH_PATHS[sdk=macosx*]" = "@executable_path/../Frameworks";
				MACOSX_DEPLOYMENT_TARGET = 12.7;
				MARKETING_VERSION = 1.0;
				PRODUCT_BUNDLE_IDENTIFIER = "com.andrewstringfellow.Gliding-In-Flight";
				PRODUCT_NAME = "$(TARGET_NAME)";
				SDKROOT = auto;
				SUPPORTED_PLATFORMS = "iphoneos iphonesimulator macosx";
				SWIFT_EMIT_LOC_STRINGS = YES;
				SWIFT_VERSION = 5.0;
				TARGETED_DEVICE_FAMILY = "1,2";
			};
			name = Release;
		};
		499658A92B5DA75700ACCAF7 /* Debug */ = {
			isa = XCBuildConfiguration;
			buildSettings = {
				ALWAYS_EMBED_SWIFT_STANDARD_LIBRARIES = YES;
				BUNDLE_LOADER = "$(TEST_HOST)";
				CODE_SIGN_STYLE = Automatic;
				CURRENT_PROJECT_VERSION = 1;
				GENERATE_INFOPLIST_FILE = YES;
				IPHONEOS_DEPLOYMENT_TARGET = 16.2;
				MACOSX_DEPLOYMENT_TARGET = 12.7;
				MARKETING_VERSION = 1.0;
				PRODUCT_BUNDLE_IDENTIFIER = "com.andrewstringfellow.Gliding-In-FlightTests";
				PRODUCT_NAME = "$(TARGET_NAME)";
				SDKROOT = auto;
				SUPPORTED_PLATFORMS = "iphoneos iphonesimulator macosx";
				SWIFT_EMIT_LOC_STRINGS = NO;
				SWIFT_VERSION = 5.0;
				TARGETED_DEVICE_FAMILY = "1,2";
				TEST_HOST = "$(BUILT_PRODUCTS_DIR)/Gliding-In-Flight.app/$(BUNDLE_EXECUTABLE_FOLDER_PATH)/Gliding-In-Flight";
			};
			name = Debug;
		};
		499658AA2B5DA75700ACCAF7 /* Release */ = {
			isa = XCBuildConfiguration;
			buildSettings = {
				ALWAYS_EMBED_SWIFT_STANDARD_LIBRARIES = YES;
				BUNDLE_LOADER = "$(TEST_HOST)";
				CODE_SIGN_STYLE = Automatic;
				CURRENT_PROJECT_VERSION = 1;
				GENERATE_INFOPLIST_FILE = YES;
				IPHONEOS_DEPLOYMENT_TARGET = 16.2;
				MACOSX_DEPLOYMENT_TARGET = 12.7;
				MARKETING_VERSION = 1.0;
				PRODUCT_BUNDLE_IDENTIFIER = "com.andrewstringfellow.Gliding-In-FlightTests";
				PRODUCT_NAME = "$(TARGET_NAME)";
				SDKROOT = auto;
				SUPPORTED_PLATFORMS = "iphoneos iphonesimulator macosx";
				SWIFT_EMIT_LOC_STRINGS = NO;
				SWIFT_VERSION = 5.0;
				TARGETED_DEVICE_FAMILY = "1,2";
				TEST_HOST = "$(BUILT_PRODUCTS_DIR)/Gliding-In-Flight.app/$(BUNDLE_EXECUTABLE_FOLDER_PATH)/Gliding-In-Flight";
			};
			name = Release;
		};
		499658AC2B5DA75700ACCAF7 /* Debug */ = {
			isa = XCBuildConfiguration;
			buildSettings = {
				ALWAYS_EMBED_SWIFT_STANDARD_LIBRARIES = YES;
				CODE_SIGN_STYLE = Automatic;
				CURRENT_PROJECT_VERSION = 1;
				GENERATE_INFOPLIST_FILE = YES;
				IPHONEOS_DEPLOYMENT_TARGET = 16.2;
				MACOSX_DEPLOYMENT_TARGET = 12.7;
				MARKETING_VERSION = 1.0;
				PRODUCT_BUNDLE_IDENTIFIER = "com.andrewstringfellow.Gliding-In-FlightUITests";
				PRODUCT_NAME = "$(TARGET_NAME)";
				SDKROOT = auto;
				SUPPORTED_PLATFORMS = "iphoneos iphonesimulator macosx";
				SWIFT_EMIT_LOC_STRINGS = NO;
				SWIFT_VERSION = 5.0;
				TARGETED_DEVICE_FAMILY = "1,2";
				TEST_TARGET_NAME = "Gliding-In-Flight";
			};
			name = Debug;
		};
		499658AD2B5DA75700ACCAF7 /* Release */ = {
			isa = XCBuildConfiguration;
			buildSettings = {
				ALWAYS_EMBED_SWIFT_STANDARD_LIBRARIES = YES;
				CODE_SIGN_STYLE = Automatic;
				CURRENT_PROJECT_VERSION = 1;
				GENERATE_INFOPLIST_FILE = YES;
				IPHONEOS_DEPLOYMENT_TARGET = 16.2;
				MACOSX_DEPLOYMENT_TARGET = 12.7;
				MARKETING_VERSION = 1.0;
				PRODUCT_BUNDLE_IDENTIFIER = "com.andrewstringfellow.Gliding-In-FlightUITests";
				PRODUCT_NAME = "$(TARGET_NAME)";
				SDKROOT = auto;
				SUPPORTED_PLATFORMS = "iphoneos iphonesimulator macosx";
				SWIFT_EMIT_LOC_STRINGS = NO;
				SWIFT_VERSION = 5.0;
				TARGETED_DEVICE_FAMILY = "1,2";
				TEST_TARGET_NAME = "Gliding-In-Flight";
			};
			name = Release;
		};
/* End XCBuildConfiguration section */

/* Begin XCConfigurationList section */
		499658762B5DA75200ACCAF7 /* Build configuration list for PBXProject "Gliding-In-Flight" */ = {
			isa = XCConfigurationList;
			buildConfigurations = (
				499658A32B5DA75700ACCAF7 /* Debug */,
				499658A42B5DA75700ACCAF7 /* Release */,
			);
			defaultConfigurationIsVisible = 0;
			defaultConfigurationName = Release;
		};
		499658A52B5DA75700ACCAF7 /* Build configuration list for PBXNativeTarget "Gliding-In-Flight" */ = {
			isa = XCConfigurationList;
			buildConfigurations = (
				499658A62B5DA75700ACCAF7 /* Debug */,
				499658A72B5DA75700ACCAF7 /* Release */,
			);
			defaultConfigurationIsVisible = 0;
			defaultConfigurationName = Release;
		};
		499658A82B5DA75700ACCAF7 /* Build configuration list for PBXNativeTarget "Gliding-In-FlightTests" */ = {
			isa = XCConfigurationList;
			buildConfigurations = (
				499658A92B5DA75700ACCAF7 /* Debug */,
				499658AA2B5DA75700ACCAF7 /* Release */,
			);
			defaultConfigurationIsVisible = 0;
			defaultConfigurationName = Release;
		};
		499658AB2B5DA75700ACCAF7 /* Build configuration list for PBXNativeTarget "Gliding-In-FlightUITests" */ = {
			isa = XCConfigurationList;
			buildConfigurations = (
				499658AC2B5DA75700ACCAF7 /* Debug */,
				499658AD2B5DA75700ACCAF7 /* Release */,
			);
			defaultConfigurationIsVisible = 0;
			defaultConfigurationName = Release;
		};
/* End XCConfigurationList section */

/* Begin XCVersionGroup section */
		499658822B5DA75200ACCAF7 /* Gliding_In_Flight.xcdatamodeld */ = {
			isa = XCVersionGroup;
			children = (
				499658832B5DA75200ACCAF7 /* Gliding_In_Flight.xcdatamodel */,
			);
			currentVersion = 499658832B5DA75200ACCAF7 /* Gliding_In_Flight.xcdatamodel */;
			path = Gliding_In_Flight.xcdatamodeld;
			sourceTree = "<group>";
			versionGroupType = wrapper.xcdatamodel;
		};
/* End XCVersionGroup section */
	};
	rootObject = 499658732B5DA75200ACCAF7 /* Project object */;
}
